
Microsoft Visual Studio Solution File, Format Version 12.00
# Visual Studio Version 16
VisualStudioVersion = 16.0.30621.155
MinimumVisualStudioVersion = 10.0.40219.1
Project("{FAE04EC0-301F-11D3-BF4B-00C04F79EFBC}") = "Question_1", "Question_1\Question_1.csproj", "{BDA43509-E958-4551-B411-166A8B298D1A}"
EndProject
Project("{FAE04EC0-301F-11D3-BF4B-00C04F79EFBC}") = "Question_2", "Question_2\Question_2.csproj", "{9A5594E2-F4EC-4EC6-B307-E515F00AF2D1}"
EndProject
Project("{FAE04EC0-301F-11D3-BF4B-00C04F79EFBC}") = "Question_3", "Question_3\Question_3.csproj", "{2000631A-C30F-41D7-88AD-BEC3CAE695DC}"
EndProject
Project("{FAE04EC0-301F-11D3-BF4B-00C04F79EFBC}") = "Question_4", "Question_4\Question_4.csproj", "{F9C06DB8-F26F-4DDE-9C70-0BDF680801D0}"
EndProject
Global
	GlobalSection(SolutionConfigurationPlatforms) = preSolution
		Debug|Any CPU = Debug|Any CPU
		Release|Any CPU = Release|Any CPU
	EndGlobalSection
	GlobalSection(ProjectConfigurationPlatforms) = postSolution
		{BDA43509-E958-4551-B411-166A8B298D1A}.Debug|Any CPU.ActiveCfg = Debug|Any CPU
		{BDA43509-E958-4551-B411-166A8B298D1A}.Debug|Any CPU.Build.0 = Debug|Any CPU
		{BDA43509-E958-4551-B411-166A8B298D1A}.Release|Any CPU.ActiveCfg = Release|Any CPU
		{BDA43509-E958-4551-B411-166A8B298D1A}.Release|Any CPU.Build.0 = Release|Any CPU
		{9A5594E2-F4EC-4EC6-B307-E515F00AF2D1}.Debug|Any CPU.ActiveCfg = Debug|Any CPU
		{9A5594E2-F4EC-4EC6-B307-E515F00AF2D1}.Debug|Any CPU.Build.0 = Debug|Any CPU
		{9A5594E2-F4EC-4EC6-B307-E515F00AF2D1}.Release|Any CPU.ActiveCfg = Release|Any CPU
		{9A5594E2-F4EC-4EC6-B307-E515F00AF2D1}.Release|Any CPU.Build.0 = Release|Any CPU
		{2000631A-C30F-41D7-88AD-BEC3CAE695DC}.Debug|Any CPU.ActiveCfg = Debug|Any CPU
		{2000631A-C30F-41D7-88AD-BEC3CAE695DC}.Debug|Any CPU.Build.0 = Debug|Any CPU
		{2000631A-C30F-41D7-88AD-BEC3CAE695DC}.Release|Any CPU.ActiveCfg = Release|Any CPU
		{2000631A-C30F-41D7-88AD-BEC3CAE695DC}.Release|Any CPU.Build.0 = Release|Any CPU
		{F9C06DB8-F26F-4DDE-9C70-0BDF680801D0}.Debug|Any CPU.ActiveCfg = Debug|Any CPU
		{F9C06DB8-F26F-4DDE-9C70-0BDF680801D0}.Debug|Any CPU.Build.0 = Debug|Any CPU
		{F9C06DB8-F26F-4DDE-9C70-0BDF680801D0}.Release|Any CPU.ActiveCfg = Release|Any CPU
		{F9C06DB8-F26F-4DDE-9C70-0BDF680801D0}.Release|Any CPU.Build.0 = Release|Any CPU
	EndGlobalSection
	GlobalSection(SolutionProperties) = preSolution
		HideSolutionNode = FALSE
	EndGlobalSection
	GlobalSection(ExtensibilityGlobals) = postSolution
		SolutionGuid = {714614EC-3CAD-437A-B935-86DDFB7FF7C8}
	EndGlobalSection
EndGlobal
