
Microsoft Visual Studio Solution File, Format Version 12.00
# Visual Studio Version 16
VisualStudioVersion = 16.0.30204.135
MinimumVisualStudioVersion = 10.0.40219.1
Project("{FAE04EC0-301F-11D3-BF4B-00C04F79EFBC}") = "Quiz_1", "Quiz_1\Quiz_1.csproj", "{AE086CA1-1914-4016-8FD9-5AF5C4416B80}"
EndProject
Global
	GlobalSection(SolutionConfigurationPlatforms) = preSolution
		Debug|Any CPU = Debug|Any CPU
		Release|Any CPU = Release|Any CPU
	EndGlobalSection
	GlobalSection(ProjectConfigurationPlatforms) = postSolution
		{AE086CA1-1914-4016-8FD9-5AF5C4416B80}.Debug|Any CPU.ActiveCfg = Debug|Any CPU
		{AE086CA1-1914-4016-8FD9-5AF5C4416B80}.Debug|Any CPU.Build.0 = Debug|Any CPU
		{AE086CA1-1914-4016-8FD9-5AF5C4416B80}.Release|Any CPU.ActiveCfg = Release|Any CPU
		{AE086CA1-1914-4016-8FD9-5AF5C4416B80}.Release|Any CPU.Build.0 = Release|Any CPU
	EndGlobalSection
	GlobalSection(SolutionProperties) = preSolution
		HideSolutionNode = FALSE
	EndGlobalSection
	GlobalSection(ExtensibilityGlobals) = postSolution
		SolutionGuid = {50D9C109-7B61-47DB-B429-9E846863515A}
	EndGlobalSection
EndGlobal
