
Microsoft Visual Studio Solution File, Format Version 12.00
# Visual Studio Version 16
VisualStudioVersion = 16.0.30204.135
MinimumVisualStudioVersion = 10.0.40219.1
Project("{FAE04EC0-301F-11D3-BF4B-00C04F79EFBC}") = "Code_2", "Code_2\Code_2.csproj", "{EBFCE2C6-B2C8-470E-875E-745FBD8B1BD9}"
EndProject
Global
	GlobalSection(SolutionConfigurationPlatforms) = preSolution
		Debug|Any CPU = Debug|Any CPU
		Release|Any CPU = Release|Any CPU
	EndGlobalSection
	GlobalSection(ProjectConfigurationPlatforms) = postSolution
		{EBFCE2C6-B2C8-470E-875E-745FBD8B1BD9}.Debug|Any CPU.ActiveCfg = Debug|Any CPU
		{EBFCE2C6-B2C8-470E-875E-745FBD8B1BD9}.Debug|Any CPU.Build.0 = Debug|Any CPU
		{EBFCE2C6-B2C8-470E-875E-745FBD8B1BD9}.Release|Any CPU.ActiveCfg = Release|Any CPU
		{EBFCE2C6-B2C8-470E-875E-745FBD8B1BD9}.Release|Any CPU.Build.0 = Release|Any CPU
	EndGlobalSection
	GlobalSection(SolutionProperties) = preSolution
		HideSolutionNode = FALSE
	EndGlobalSection
	GlobalSection(ExtensibilityGlobals) = postSolution
		SolutionGuid = {EDA07A77-803F-4965-8302-98160C1A23CC}
	EndGlobalSection
EndGlobal
