
Microsoft Visual Studio Solution File, Format Version 12.00
# Visual Studio Version 16
VisualStudioVersion = 16.0.30225.117
MinimumVisualStudioVersion = 10.0.40219.1
Project("{FAE04EC0-301F-11D3-BF4B-00C04F79EFBC}") = "SingletonDesignPattern", "SingletonDesignPattern\SingletonDesignPattern.csproj", "{04D989D4-8F8F-43A3-9125-398D02D7060E}"
EndProject
Global
	GlobalSection(SolutionConfigurationPlatforms) = preSolution
		Debug|Any CPU = Debug|Any CPU
		Release|Any CPU = Release|Any CPU
	EndGlobalSection
	GlobalSection(ProjectConfigurationPlatforms) = postSolution
		{04D989D4-8F8F-43A3-9125-398D02D7060E}.Debug|Any CPU.ActiveCfg = Debug|Any CPU
		{04D989D4-8F8F-43A3-9125-398D02D7060E}.Debug|Any CPU.Build.0 = Debug|Any CPU
		{04D989D4-8F8F-43A3-9125-398D02D7060E}.Release|Any CPU.ActiveCfg = Release|Any CPU
		{04D989D4-8F8F-43A3-9125-398D02D7060E}.Release|Any CPU.Build.0 = Release|Any CPU
	EndGlobalSection
	GlobalSection(SolutionProperties) = preSolution
		HideSolutionNode = FALSE
	EndGlobalSection
	GlobalSection(ExtensibilityGlobals) = postSolution
		SolutionGuid = {6522042A-2CE6-41D3-82BE-1A58254D8A5D}
	EndGlobalSection
EndGlobal
